
Microsoft Visual Studio Solution File, Format Version 12.00
# Visual Studio Version 17
VisualStudioVersion = 17.13.35825.156 d17.13
MinimumVisualStudioVersion = 10.0.40219.1
Project("{FAE04EC0-301F-11D3-BF4B-00C04F79EFBC}") = "Realtime_signalR", "Realtime_signalR.csproj", "{C167E275-E576-4AE4-B8A8-D318CB0316BF}"
EndProject
Global
	GlobalSection(SolutionConfigurationPlatforms) = preSolution
		Debug|Any CPU = Debug|Any CPU
		Release|Any CPU = Release|Any CPU
	EndGlobalSection
	GlobalSection(ProjectConfigurationPlatforms) = postSolution
		{C167E275-E576-4AE4-B8A8-D318CB0316BF}.Debug|Any CPU.ActiveCfg = Debug|Any CPU
		{C167E275-E576-4AE4-B8A8-D318CB0316BF}.Debug|Any CPU.Build.0 = Debug|Any CPU
		{C167E275-E576-4AE4-B8A8-D318CB0316BF}.Release|Any CPU.ActiveCfg = Release|Any CPU
		{C167E275-E576-4AE4-B8A8-D318CB0316BF}.Release|Any CPU.Build.0 = Release|Any CPU
	EndGlobalSection
	GlobalSection(SolutionProperties) = preSolution
		HideSolutionNode = FALSE
	EndGlobalSection
	GlobalSection(ExtensibilityGlobals) = postSolution
		SolutionGuid = {21E5419F-08AD-47B7-94FD-3F5F1B74DD9F}
	EndGlobalSection
EndGlobal
